schema: '2.0'
stages:
  prepare_base_model:
    cmd: python src/deepClassifier/pipeline/stage_02_prepare_base_model.py
    deps:
    - path: configs/config.yaml
      md5: 955382c3ea0afbd409cf3fb66497e911
      size: 831
    - path: src/deepClassifier/pipeline/stage_02_prepare_base_model.py
      md5: c7b203cc961e575f5b7b17e34ca5a80d
      size: 682
    params:
      params.yaml:
        CLASSES: 2
        IMAGE_SIZE:
        - 224
        - 224
        - 3
        INCLUDE_TOP: false
        LEARNING_RATE: 0.01
        WEIGHTS: imagenet
    outs:
    - path: artifacts/prepare_base_model
      md5: 622b0350999490337ea63932348b4922.dir
      size: 118054512
      nfiles: 2
